# THIS IS AN AUTOGENERATED FILE. DO NOT EDIT THIS FILE DIRECTLY.
# yarn lockfile v1


"@polka/url@^0.5.0":
  version "0.5.0"
  resolved "https://registry.yarnpkg.com/@polka/url/-/url-0.5.0.tgz#b21510597fd601e5d7c95008b76bf0d254ebfd31"
  integrity sha512-oZLYFEAzUKyi3SKnXvj32ZCEGH6RDnao7COuCVhDydMS9NrCSVXhM79VaKyP5+Zc33m0QXEd2DN3UkU7OsHcfw==

console-clear@^1.1.0:
  version "1.1.1"
  resolved "https://registry.yarnpkg.com/console-clear/-/console-clear-1.1.1.tgz#995e20cbfbf14dd792b672cde387bd128d674bf7"
  integrity sha512-pMD+MVR538ipqkG5JXeOEbKWS5um1H4LUUccUQG68qpeqBYbzYy79Gh55jkd2TtPdRfUaLWdv6LPP//5Zt0aPQ==

get-port@^3.2.0:
  version "3.2.0"
  resolved "https://registry.yarnpkg.com/get-port/-/get-port-3.2.0.tgz#dd7ce7de187c06c8bf353796ac71e099f0980ebc"
  integrity sha1-3Xzn3hh8Bsi/NTeWrHHgmfCYDrw=

kleur@^3.0.0:
  version "3.0.3"
  resolved "https://registry.yarnpkg.com/kleur/-/kleur-3.0.3.tgz#a79c9ecc86ee1ce3fa6206d1216c501f147fc07e"
  integrity sha512-eTIzlVOSUR+JxdDFepEYcBMtZ9Qqdef+rnzWdRZuMbOywu5tO2w2N7rqjoANZ5k9vywhL6Br1VRjUIgTQx4E8w==

local-access@^1.0.1:
  version "1.0.1"
  resolved "https://registry.yarnpkg.com/local-access/-/local-access-1.0.1.tgz#5121258146d64e869046c642ea4f1dd39ff942bb"
  integrity sha512-ykt2pgN0aqIy6KQC1CqdWTWkmUwNgaOS6dcpHVjyBJONA+Xi7AtSB1vuxC/U/0tjIP3wcRudwQk1YYzUvzk2bA==

mime@^2.3.1:
  version "2.4.2"
  resolved "https://registry.yarnpkg.com/mime/-/mime-2.4.2.tgz#ce5229a5e99ffc313abac806b482c10e7ba6ac78"
  integrity sha512-zJBfZDkwRu+j3Pdd2aHsR5GfH2jIWhmL1ZzBoc+X+3JEti2hbArWcyJ+1laC1D2/U/W1a/+Cegj0/OnEU2ybjg==

mri@^1.1.0:
  version "1.1.4"
  resolved "https://registry.yarnpkg.com/mri/-/mri-1.1.4.tgz#7cb1dd1b9b40905f1fac053abe25b6720f44744a"
  integrity sha512-6y7IjGPm8AzlvoUrwAaw1tLnUBudaS3752vcd8JtrpGGQn+rXIe63LFVHm/YMwtqAuh+LJPCFdlLYPWM1nYn6w==

sade@^1.4.0:
  version "1.4.2"
  resolved "https://registry.yarnpkg.com/sade/-/sade-1.4.2.tgz#b1946ef9ec62450b74e17d9fec30156c94f193a6"
  integrity sha512-MTrQm+Nhl4m1mbssYDgAculC/HbShjj08QtHnA2GTpzivfU5aUp8EoHlECmrIHEaa8hZRZSp2Gygv8VMlpXEBw==
  dependencies:
    mri "^1.1.0"

sirv-cli@^0.4.0:
  version "0.4.0"
  resolved "https://registry.yarnpkg.com/sirv-cli/-/sirv-cli-0.4.0.tgz#7e9c00d32ec8af2b954707791f5e631f6bd5924e"
  integrity sha512-uRIIy8OYPylqTTiQ6Hot824yc2HsUwLWk4vFSibCWf1AFP0r3Vf6Jrll7drnNzOkpuxL/dyvDlmBtYSOWClPWg==
  dependencies:
    console-clear "^1.1.0"
    get-port "^3.2.0"
    kleur "^3.0.0"
    local-access "^1.0.1"
    sade "^1.4.0"
    sirv "^0.4.0"
    tinydate "^1.0.0"

sirv@^0.4.0:
  version "0.4.0"
  resolved "https://registry.yarnpkg.com/sirv/-/sirv-0.4.0.tgz#531bafb86806135bac7ac053cb19efa42a0347e9"
  integrity sha512-k/dcRW7Ry2VgERDiLyyq3peGZEnqP2EcTcG5646QjoLwz7lnDA50i20m/3Rn7J4FLtimyoKQsG4E2BItctwjhg==
  dependencies:
    "@polka/url" "^0.5.0"
    mime "^2.3.1"

tinydate@^1.0.0:
  version "1.0.1"
  resolved "https://registry.yarnpkg.com/tinydate/-/tinydate-1.0.1.tgz#5e38797e2e3e79ce2300543f586c6caa2dfcf668"
  integrity sha512-Imqa6iv3Ig5FmC3ESwmqczusIn1h8D5RqNbpatGc1eLHeoytuhodbsAPpSJ8iKiLhxBtLuRsrywWHlJM1bA3Rg==
